
Microsoft Visual Studio Solution File, Format Version 12.00
# Visual Studio Version 17
VisualStudioVersion = 17.9.34714.143
MinimumVisualStudioVersion = 10.0.40219.1
Project("{FAE04EC0-301F-11D3-BF4B-00C04F79EFBC}") = "Courses.web", "EShop\Courses.web.csproj", "{55FFC42F-D75E-4063-A7B0-515D6A4CAE44}"
EndProject
Project("{2150E333-8FDC-42A3-9474-1A3956D46DE8}") = "Courses_app_solution", "Courses_app_solution", "{36BB8A25-DA69-429E-9ECD-77A066109A0D}"
EndProject
Project("{FAE04EC0-301F-11D3-BF4B-00C04F79EFBC}") = "Courses.Domain", "Courses.Domain\Courses.Domain.csproj", "{80FA7869-E8AA-4A89-BC7A-79D30AE9EE60}"
EndProject
Global
	GlobalSection(SolutionConfigurationPlatforms) = preSolution
		Debug|Any CPU = Debug|Any CPU
		Release|Any CPU = Release|Any CPU
	EndGlobalSection
	GlobalSection(ProjectConfigurationPlatforms) = postSolution
		{55FFC42F-D75E-4063-A7B0-515D6A4CAE44}.Debug|Any CPU.ActiveCfg = Debug|Any CPU
		{55FFC42F-D75E-4063-A7B0-515D6A4CAE44}.Debug|Any CPU.Build.0 = Debug|Any CPU
		{55FFC42F-D75E-4063-A7B0-515D6A4CAE44}.Release|Any CPU.ActiveCfg = Release|Any CPU
		{55FFC42F-D75E-4063-A7B0-515D6A4CAE44}.Release|Any CPU.Build.0 = Release|Any CPU
		{80FA7869-E8AA-4A89-BC7A-79D30AE9EE60}.Debug|Any CPU.ActiveCfg = Debug|Any CPU
		{80FA7869-E8AA-4A89-BC7A-79D30AE9EE60}.Debug|Any CPU.Build.0 = Debug|Any CPU
		{80FA7869-E8AA-4A89-BC7A-79D30AE9EE60}.Release|Any CPU.ActiveCfg = Release|Any CPU
		{80FA7869-E8AA-4A89-BC7A-79D30AE9EE60}.Release|Any CPU.Build.0 = Release|Any CPU
	EndGlobalSection
	GlobalSection(SolutionProperties) = preSolution
		HideSolutionNode = FALSE
	EndGlobalSection
	GlobalSection(NestedProjects) = preSolution
		{55FFC42F-D75E-4063-A7B0-515D6A4CAE44} = {36BB8A25-DA69-429E-9ECD-77A066109A0D}
		{80FA7869-E8AA-4A89-BC7A-79D30AE9EE60} = {36BB8A25-DA69-429E-9ECD-77A066109A0D}
	EndGlobalSection
	GlobalSection(ExtensibilityGlobals) = postSolution
		SolutionGuid = {623AC9CE-20BA-4410-9916-7C10D1EFB264}
	EndGlobalSection
EndGlobal
