
Microsoft Visual Studio Solution File, Format Version 12.00
# Visual Studio Version 17
VisualStudioVersion = 17.9.34622.214
MinimumVisualStudioVersion = 10.0.40219.1
Project("{FAE04EC0-301F-11D3-BF4B-00C04F79EFBC}") = "Courses.Web", "Courses\Courses.Web.csproj", "{226573BE-939E-4AEE-BA6C-DFEB79E8632A}"
EndProject
Project("{FAE04EC0-301F-11D3-BF4B-00C04F79EFBC}") = "Courses.Domain", "CoursesDomain\Courses.Domain.csproj", "{A710CB1D-8F60-44B7-A189-2E7BB6F4375C}"
EndProject
Project("{2150E333-8FDC-42A3-9474-1A3956D46DE8}") = "CoursesApp", "CoursesApp", "{6D48BDAC-6942-4A4A-B4B7-3CE543C7CBB6}"
EndProject
Global
	GlobalSection(SolutionConfigurationPlatforms) = preSolution
		Debug|Any CPU = Debug|Any CPU
		Release|Any CPU = Release|Any CPU
	EndGlobalSection
	GlobalSection(ProjectConfigurationPlatforms) = postSolution
		{226573BE-939E-4AEE-BA6C-DFEB79E8632A}.Debug|Any CPU.ActiveCfg = Debug|Any CPU
		{226573BE-939E-4AEE-BA6C-DFEB79E8632A}.Debug|Any CPU.Build.0 = Debug|Any CPU
		{226573BE-939E-4AEE-BA6C-DFEB79E8632A}.Release|Any CPU.ActiveCfg = Release|Any CPU
		{226573BE-939E-4AEE-BA6C-DFEB79E8632A}.Release|Any CPU.Build.0 = Release|Any CPU
		{A710CB1D-8F60-44B7-A189-2E7BB6F4375C}.Debug|Any CPU.ActiveCfg = Debug|Any CPU
		{A710CB1D-8F60-44B7-A189-2E7BB6F4375C}.Debug|Any CPU.Build.0 = Debug|Any CPU
		{A710CB1D-8F60-44B7-A189-2E7BB6F4375C}.Release|Any CPU.ActiveCfg = Release|Any CPU
		{A710CB1D-8F60-44B7-A189-2E7BB6F4375C}.Release|Any CPU.Build.0 = Release|Any CPU
	EndGlobalSection
	GlobalSection(SolutionProperties) = preSolution
		HideSolutionNode = FALSE
	EndGlobalSection
	GlobalSection(NestedProjects) = preSolution
		{226573BE-939E-4AEE-BA6C-DFEB79E8632A} = {6D48BDAC-6942-4A4A-B4B7-3CE543C7CBB6}
		{A710CB1D-8F60-44B7-A189-2E7BB6F4375C} = {6D48BDAC-6942-4A4A-B4B7-3CE543C7CBB6}
	EndGlobalSection
	GlobalSection(ExtensibilityGlobals) = postSolution
		SolutionGuid = {18274238-F3C2-480A-B833-F404E441D1B6}
	EndGlobalSection
EndGlobal
